
Microsoft Visual Studio Solution File, Format Version 12.00
# Visual Studio 15
VisualStudioVersion = 15.0.27428.1
MinimumVisualStudioVersion = 10.0.40219.1
Project("{FAE04EC0-301F-11D3-BF4B-00C04F79EFBC}") = "CMMManager", "CMMManager\CMMManager.csproj", "{5EDCEED5-3F09-4C38-8636-5DF9A82BE7AB}"
EndProject
Project("{54435603-DBB4-11D2-8724-00A0C9A8B90C}") = "RNManager", "RNManager\RNManager.vdproj", "{3B5805F4-12E8-4F94-9D5D-4E9A5D396323}"
EndProject
Global
	GlobalSection(SolutionConfigurationPlatforms) = preSolution
		Debug|Any CPU = Debug|Any CPU
		Release|Any CPU = Release|Any CPU
	EndGlobalSection
	GlobalSection(ProjectConfigurationPlatforms) = postSolution
		{5EDCEED5-3F09-4C38-8636-5DF9A82BE7AB}.Debug|Any CPU.ActiveCfg = Debug|Any CPU
		{5EDCEED5-3F09-4C38-8636-5DF9A82BE7AB}.Debug|Any CPU.Build.0 = Debug|Any CPU
		{5EDCEED5-3F09-4C38-8636-5DF9A82BE7AB}.Release|Any CPU.ActiveCfg = Release|Any CPU
		{5EDCEED5-3F09-4C38-8636-5DF9A82BE7AB}.Release|Any CPU.Build.0 = Release|Any CPU
		{3B5805F4-12E8-4F94-9D5D-4E9A5D396323}.Debug|Any CPU.ActiveCfg = Debug
		{3B5805F4-12E8-4F94-9D5D-4E9A5D396323}.Release|Any CPU.ActiveCfg = Release
		{3B5805F4-12E8-4F94-9D5D-4E9A5D396323}.Release|Any CPU.Build.0 = Release
	EndGlobalSection
	GlobalSection(SolutionProperties) = preSolution
		HideSolutionNode = FALSE
	EndGlobalSection
	GlobalSection(ExtensibilityGlobals) = postSolution
		SolutionGuid = {401FCE4D-C09D-4F37-8363-FC64EEAC1510}
	EndGlobalSection
EndGlobal
